
Microsoft Visual Studio Solution File, Format Version 12.00
# Visual Studio Version 16
VisualStudioVersion = 16.0.31112.23
MinimumVisualStudioVersion = 10.0.40219.1
Project("{FAE04EC0-301F-11D3-BF4B-00C04F79EFBC}") = "MaiorAreaTriangulo", "MaiorAreaTriangulo\MaiorAreaTriangulo.csproj", "{896908D0-C431-4DC0-A54D-41020E56FE32}"
EndProject
Global
	GlobalSection(SolutionConfigurationPlatforms) = preSolution
		Debug|Any CPU = Debug|Any CPU
		Release|Any CPU = Release|Any CPU
	EndGlobalSection
	GlobalSection(ProjectConfigurationPlatforms) = postSolution
		{896908D0-C431-4DC0-A54D-41020E56FE32}.Debug|Any CPU.ActiveCfg = Debug|Any CPU
		{896908D0-C431-4DC0-A54D-41020E56FE32}.Debug|Any CPU.Build.0 = Debug|Any CPU
		{896908D0-C431-4DC0-A54D-41020E56FE32}.Release|Any CPU.ActiveCfg = Release|Any CPU
		{896908D0-C431-4DC0-A54D-41020E56FE32}.Release|Any CPU.Build.0 = Release|Any CPU
	EndGlobalSection
	GlobalSection(SolutionProperties) = preSolution
		HideSolutionNode = FALSE
	EndGlobalSection
	GlobalSection(ExtensibilityGlobals) = postSolution
		SolutionGuid = {226C3673-F00A-44D2-A0E9-130CE45BF166}
	EndGlobalSection
EndGlobal
