
Microsoft Visual Studio Solution File, Format Version 12.00
# Visual Studio Version 16
VisualStudioVersion = 16.0.31112.23
MinimumVisualStudioVersion = 10.0.40219.1
Project("{FAE04EC0-301F-11D3-BF4B-00C04F79EFBC}") = "VetorPensionato", "VetorPensionato\VetorPensionato.csproj", "{1EBF8D23-0560-4C6C-AE80-01644083D774}"
EndProject
Global
	GlobalSection(SolutionConfigurationPlatforms) = preSolution
		Debug|Any CPU = Debug|Any CPU
		Release|Any CPU = Release|Any CPU
	EndGlobalSection
	GlobalSection(ProjectConfigurationPlatforms) = postSolution
		{1EBF8D23-0560-4C6C-AE80-01644083D774}.Debug|Any CPU.ActiveCfg = Debug|Any CPU
		{1EBF8D23-0560-4C6C-AE80-01644083D774}.Debug|Any CPU.Build.0 = Debug|Any CPU
		{1EBF8D23-0560-4C6C-AE80-01644083D774}.Release|Any CPU.ActiveCfg = Release|Any CPU
		{1EBF8D23-0560-4C6C-AE80-01644083D774}.Release|Any CPU.Build.0 = Release|Any CPU
	EndGlobalSection
	GlobalSection(SolutionProperties) = preSolution
		HideSolutionNode = FALSE
	EndGlobalSection
	GlobalSection(ExtensibilityGlobals) = postSolution
		SolutionGuid = {D37EC7C6-D1FD-4506-8617-4BC6542A9DFD}
	EndGlobalSection
EndGlobal
