
Microsoft Visual Studio Solution File, Format Version 12.00
# Visual Studio Version 16
VisualStudioVersion = 16.0.31112.23
MinimumVisualStudioVersion = 10.0.40219.1
Project("{FAE04EC0-301F-11D3-BF4B-00C04F79EFBC}") = "HoleriteDesign", "HoleriteDesign\HoleriteDesign.csproj", "{89CBEB6D-BAD4-47DA-9E40-1FE94C4D108A}"
EndProject
Global
	GlobalSection(SolutionConfigurationPlatforms) = preSolution
		Debug|Any CPU = Debug|Any CPU
		Release|Any CPU = Release|Any CPU
	EndGlobalSection
	GlobalSection(ProjectConfigurationPlatforms) = postSolution
		{89CBEB6D-BAD4-47DA-9E40-1FE94C4D108A}.Debug|Any CPU.ActiveCfg = Debug|Any CPU
		{89CBEB6D-BAD4-47DA-9E40-1FE94C4D108A}.Debug|Any CPU.Build.0 = Debug|Any CPU
		{89CBEB6D-BAD4-47DA-9E40-1FE94C4D108A}.Release|Any CPU.ActiveCfg = Release|Any CPU
		{89CBEB6D-BAD4-47DA-9E40-1FE94C4D108A}.Release|Any CPU.Build.0 = Release|Any CPU
	EndGlobalSection
	GlobalSection(SolutionProperties) = preSolution
		HideSolutionNode = FALSE
	EndGlobalSection
	GlobalSection(ExtensibilityGlobals) = postSolution
		SolutionGuid = {C802F4DF-8CBD-4FBD-B083-16FEF4ECCD23}
	EndGlobalSection
EndGlobal
